// !$*UTF8*$!
{
	archiveVersion = 1;
	classes = {
	};
	objectVersion = 46;
	objects = {

/* Begin PBXBuildFile section */
		BCA584FF1B7A0AAF0029D760 /* main.m in Sources */ = {isa = PBXBuildFile; fileRef = BCA584FE1B7A0AAF0029D760 /* main.m */; };
		BCA585021B7A0AAF0029D760 /* AppDelegate.m in Sources */ = {isa = PBXBuildFile; fileRef = BCA585011B7A0AAF0029D760 /* AppDelegate.m */; };
		BCA585041B7A0AAF0029D760 /* Images.xcassets in Resources */ = {isa = PBXBuildFile; fileRef = BCA585031B7A0AAF0029D760 /* Images.xcassets */; };
		BCA585071B7A0AB00029D760 /* LaunchScreen.xib in Resources */ = {isa = PBXBuildFile; fileRef = BCA585051B7A0AB00029D760 /* LaunchScreen.xib */; };
		BCA585131B7A0AB00029D760 /* _____Tests.m in Sources */ = {isa = PBXBuildFile; fileRef = BCA585121B7A0AB00029D760 /* _____Tests.m */; };
/* End PBXBuildFile section */

/* Begin PBXContainerItemProxy section */
		BCA5850D1B7A0AB00029D760 /* PBXContainerItemProxy */ = {
			isa = PBXContainerItemProxy;
			containerPortal = BCA584F11B7A0AAF0029D760 /* Project object */;
			proxyType = 1;
			remoteGlobalIDString = BCA584F81B7A0AAF0029D760;
			remoteInfo = "图片轮播器";
		};
/* End PBXContainerItemProxy section */

/* Begin PBXFileReference section */
		BCA584F91B7A0AAF0029D760 /* 图片轮播器.app */ = {isa = PBXFileReference; explicitFileType = wrapper.application; includeInIndex = 0; path = "图片轮播器.app"; sourceTree = BUILT_PRODUCTS_DIR; };
		BCA584FD1B7A0AAF0029D760 /* Info.plist */ = {isa = PBXFileReference; lastKnownFileType = text.plist.xml; path = Info.plist; sourceTree = "<group>"; };
		BCA584FE1B7A0AAF0029D760 /* main.m */ = {isa = PBXFileReference; lastKnownFileType = sourcecode.c.objc; path = main.m; sourceTree = "<group>"; };
		BCA585001B7A0AAF0029D760 /* AppDelegate.h */ = {isa = PBXFileReference; lastKnownFileType = sourcecode.c.h; path = AppDelegate.h; sourceTree = "<group>"; };
		BCA585011B7A0AAF0029D760 /* AppDelegate.m */ = {isa = PBXFileReference; lastKnownFileType = sourcecode.c.objc; path = AppDelegate.m; sourceTree = "<group>"; };
		BCA585031B7A0AAF0029D760 /* Images.xcassets */ = {isa = PBXFileReference; lastKnownFileType = folder.assetcatalog; path = Images.xcassets; sourceTree = "<group>"; };
		BCA585061B7A0AB00029D760 /* Base */ = {isa = PBXFileReference; lastKnownFileType = file.xib; name = Base; path = Base.lproj/LaunchScreen.xib; sourceTree = "<group>"; };
		BCA5850C1B7A0AB00029D760 /* 图片轮播器Tests.xctest */ = {isa = PBXFileReference; explicitFileType = wrapper.cfbundle; includeInIndex = 0; path = "图片轮播器Tests.xctest"; sourceTree = BUILT_PRODUCTS_DIR; };
		BCA585111B7A0AB00029D760 /* Info.plist */ = {isa = PBXFileReference; lastKnownFileType = text.plist.xml; path = Info.plist; sourceTree = "<group>"; };
		BCA585121B7A0AB00029D760 /* _____Tests.m */ = {isa = PBXFileReference; lastKnownFileType = sourcecode.c.objc; path = "_____Tests.m"; sourceTree = "<group>"; };
/* End PBXFileReference section */

/* Begin PBXFrameworksBuildPhase section */
		BCA584F61B7A0AAF0029D760 /* Frameworks */ = {
			isa = PBXFrameworksBuildPhase;
			buildActionMask = 2147483647;
			files = (
			);
			runOnlyForDeploymentPostprocessing = 0;
		};
		BCA585091B7A0AB00029D760 /* Frameworks */ = {
			isa = PBXFrameworksBuildPhase;
			buildActionMask = 2147483647;
			files = (
			);
			runOnlyForDeploymentPostprocessing = 0;
		};
/* End PBXFrameworksBuildPhase section */

/* Begin PBXGroup section */
		BCA584F01B7A0AAF0029D760 = {
			isa = PBXGroup;
			children = (
				BCA584FB1B7A0AAF0029D760 /* 图片轮播器 */,
				BCA5850F1B7A0AB00029D760 /* 图片轮播器Tests */,
				BCA584FA1B7A0AAF0029D760 /* Products */,
			);
			sourceTree = "<group>";
		};
		BCA584FA1B7A0AAF0029D760 /* Products */ = {
			isa = PBXGroup;
			children = (
				BCA584F91B7A0AAF0029D760 /* 图片轮播器.app */,
				BCA5850C1B7A0AB00029D760 /* 图片轮播器Tests.xctest */,
			);
			name = Products;
			sourceTree = "<group>";
		};
		BCA584FB1B7A0AAF0029D760 /* 图片轮播器 */ = {
			isa = PBXGroup;
			children = (
				BCA585001B7A0AAF0029D760 /* AppDelegate.h */,
				BCA585011B7A0AAF0029D760 /* AppDelegate.m */,
				BCA585031B7A0AAF0029D760 /* Images.xcassets */,
				BCA585051B7A0AB00029D760 /* LaunchScreen.xib */,
				BCA584FC1B7A0AAF0029D760 /* Supporting Files */,
			);
			path = "图片轮播器";
			sourceTree = "<group>";
		};
		BCA584FC1B7A0AAF0029D760 /* Supporting Files */ = {
			isa = PBXGroup;
			children = (
				BCA584FD1B7A0AAF0029D760 /* Info.plist */,
				BCA584FE1B7A0AAF0029D760 /* main.m */,
			);
			name = "Supporting Files";
			sourceTree = "<group>";
		};
		BCA5850F1B7A0AB00029D760 /* 图片轮播器Tests */ = {
			isa = PBXGroup;
			children = (
				BCA585121B7A0AB00029D760 /* _____Tests.m */,
				BCA585101B7A0AB00029D760 /* Supporting Files */,
			);
			path = "图片轮播器Tests";
			sourceTree = "<group>";
		};
		BCA585101B7A0AB00029D760 /* Supporting Files */ = {
			isa = PBXGroup;
			children = (
				BCA585111B7A0AB00029D760 /* Info.plist */,
			);
			name = "Supporting Files";
			sourceTree = "<group>";
		};
/* End PBXGroup section */

/* Begin PBXNativeTarget section */
		BCA584F81B7A0AAF0029D760 /* 图片轮播器 */ = {
			isa = PBXNativeTarget;
			buildConfigurationList = BCA585161B7A0AB00029D760 /* Build configuration list for PBXNativeTarget "图片轮播器" */;
			buildPhases = (
				BCA584F51B7A0AAF0029D760 /* Sources */,
				BCA584F61B7A0AAF0029D760 /* Frameworks */,
				BCA584F71B7A0AAF0029D760 /* Resources */,
			);
			buildRules = (
			);
			dependencies = (
			);
			name = "图片轮播器";
			productName = "图片轮播器";
			productReference = BCA584F91B7A0AAF0029D760 /* 图片轮播器.app */;
			productType = "com.apple.product-type.application";
		};
		BCA5850B1B7A0AB00029D760 /* 图片轮播器Tests */ = {
			isa = PBXNativeTarget;
			buildConfigurationList = BCA585191B7A0AB00029D760 /* Build configuration list for PBXNativeTarget "图片轮播器Tests" */;
			buildPhases = (
				BCA585081B7A0AB00029D760 /* Sources */,
				BCA585091B7A0AB00029D760 /* Frameworks */,
				BCA5850A1B7A0AB00029D760 /* Resources */,
			);
			buildRules = (
			);
			dependencies = (
				BCA5850E1B7A0AB00029D760 /* PBXTargetDependency */,
			);
			name = "图片轮播器Tests";
			productName = "图片轮播器Tests";
			productReference = BCA5850C1B7A0AB00029D760 /* 图片轮播器Tests.xctest */;
			productType = "com.apple.product-type.bundle.unit-test";
		};
/* End PBXNativeTarget section */

/* Begin PBXProject section */
		BCA584F11B7A0AAF0029D760 /* Project object */ = {
			isa = PBXProject;
			attributes = {
				LastUpgradeCheck = 0610;
				ORGANIZATIONNAME = "何雪凝";
				TargetAttributes = {
					BCA584F81B7A0AAF0029D760 = {
						CreatedOnToolsVersion = 6.1.1;
					};
					BCA5850B1B7A0AB00029D760 = {
						CreatedOnToolsVersion = 6.1.1;
						TestTargetID = BCA584F81B7A0AAF0029D760;
					};
				};
			};
			buildConfigurationList = BCA584F41B7A0AAF0029D760 /* Build configuration list for PBXProject "图片轮播器" */;
			compatibilityVersion = "Xcode 3.2";
			developmentRegion = English;
			hasScannedForEncodings = 0;
			knownRegions = (
				en,
				Base,
			);
			mainGroup = BCA584F01B7A0AAF0029D760;
			productRefGroup = BCA584FA1B7A0AAF0029D760 /* Products */;
			projectDirPath = "";
			projectRoot = "";
			targets = (
				BCA584F81B7A0AAF0029D760 /* 图片轮播器 */,
				BCA5850B1B7A0AB00029D760 /* 图片轮播器Tests */,
			);
		};
/* End PBXProject section */

/* Begin PBXResourcesBuildPhase section */
		BCA584F71B7A0AAF0029D760 /* Resources */ = {
			isa = PBXResourcesBuildPhase;
			buildActionMask = 2147483647;
			files = (
				BCA585071B7A0AB00029D760 /* LaunchScreen.xib in Resources */,
				BCA585041B7A0AAF0029D760 /* Images.xcassets in Resources */,
			);
			runOnlyForDeploymentPostprocessing = 0;
		};
		BCA5850A1B7A0AB00029D760 /* Resources */ = {
			isa = PBXResourcesBuildPhase;
			buildActionMask = 2147483647;
			files = (
			);
			runOnlyForDeploymentPostprocessing = 0;
		};
/* End PBXResourcesBuildPhase section */

/* Begin PBXSourcesBuildPhase section */
		BCA584F51B7A0AAF0029D760 /* Sources */ = {
			isa = PBXSourcesBuildPhase;
			buildActionMask = 2147483647;
			files = (
				BCA585021B7A0AAF0029D760 /* AppDelegate.m in Sources */,
				BCA584FF1B7A0AAF0029D760 /* main.m in Sources */,
			);
			runOnlyForDeploymentPostprocessing = 0;
		};
		BCA585081B7A0AB00029D760 /* Sources */ = {
			isa = PBXSourcesBuildPhase;
			buildActionMask = 2147483647;
			files = (
				BCA585131B7A0AB00029D760 /* _____Tests.m in Sources */,
			);
			runOnlyForDeploymentPostprocessing = 0;
		};
/* End PBXSourcesBuildPhase section */

/* Begin PBXTargetDependency section */
		BCA5850E1B7A0AB00029D760 /* PBXTargetDependency */ = {
			isa = PBXTargetDependency;
			target = BCA584F81B7A0AAF0029D760 /* 图片轮播器 */;
			targetProxy = BCA5850D1B7A0AB00029D760 /* PBXContainerItemProxy */;
		};
/* End PBXTargetDependency section */

/* Begin PBXVariantGroup section */
		BCA585051B7A0AB00029D760 /* LaunchScreen.xib */ = {
			isa = PBXVariantGroup;
			children = (
				BCA585061B7A0AB00029D760 /* Base */,
			);
			name = LaunchScreen.xib;
			sourceTree = "<group>";
		};
/* End PBXVariantGroup section */

/* Begin XCBuildConfiguration section */
		BCA585141B7A0AB00029D760 /* Debug */ = {
			isa = XCBuildConfiguration;
			buildSettings = {
				ALWAYS_SEARCH_USER_PATHS = NO;
				CLANG_CXX_LANGUAGE_STANDARD = "gnu++0x";
				CLANG_CXX_LIBRARY = "libc++";
				CLANG_ENABLE_MODULES = YES;
				CLANG_ENABLE_OBJC_ARC = YES;
				CLANG_WARN_BOOL_CONVERSION = YES;
				CLANG_WARN_CONSTANT_CONVERSION = YES;
				CLANG_WARN_DIRECT_OBJC_ISA_USAGE = YES_ERROR;
				CLANG_WARN_EMPTY_BODY = YES;
				CLANG_WARN_ENUM_CONVERSION = YES;
				CLANG_WARN_INT_CONVERSION = YES;
				CLANG_WARN_OBJC_ROOT_CLASS = YES_ERROR;
				CLANG_WARN_UNREACHABLE_CODE = YES;
				CLANG_WARN__DUPLICATE_METHOD_MATCH = YES;
				"CODE_SIGN_IDENTITY[sdk=iphoneos*]" = "iPhone Developer";
				COPY_PHASE_STRIP = NO;
				ENABLE_STRICT_OBJC_MSGSEND = YES;
				GCC_C_LANGUAGE_STANDARD = gnu99;
				GCC_DYNAMIC_NO_PIC = NO;
				GCC_OPTIMIZATION_LEVEL = 0;
				GCC_PREPROCESSOR_DEFINITIONS = (
					"DEBUG=1",
					"$(inherited)",
				);
				GCC_SYMBOLS_PRIVATE_EXTERN = NO;
				GCC_WARN_64_TO_32_BIT_CONVERSION = YES;
				GCC_WARN_ABOUT_RETURN_TYPE = YES_ERROR;
				GCC_WARN_UNDECLARED_SELECTOR = YES;
				GCC_WARN_UNINITIALIZED_AUTOS = YES_AGGRESSIVE;
				GCC_WARN_UNUSED_FUNCTION = YES;
				GCC_WARN_UNUSED_VARIABLE = YES;
				IPHONEOS_DEPLOYMENT_TARGET = 8.1;
				MTL_ENABLE_DEBUG_INFO = YES;
				ONLY_ACTIVE_ARCH = YES;
				SDKROOT = iphoneos;
			};
			name = Debug;
		};
		BCA585151B7A0AB00029D760 /* Release */ = {
			isa = XCBuildConfiguration;
			buildSettings = {
				ALWAYS_SEARCH_USER_PATHS = NO;
				CLANG_CXX_LANGUAGE_STANDARD = "gnu++0x";
				CLANG_CXX_LIBRARY = "libc++";
				CLANG_ENABLE_MODULES = YES;
				CLANG_ENABLE_OBJC_ARC = YES;
				CLANG_WARN_BOOL_CONVERSION = YES;
				CLANG_WARN_CONSTANT_CONVERSION = YES;
				CLANG_WARN_DIRECT_OBJC_ISA_USAGE = YES_ERROR;
				CLANG_WARN_EMPTY_BODY = YES;
				CLANG_WARN_ENUM_CONVERSION = YES;
				CLANG_WARN_INT_CONVERSION = YES;
				CLANG_WARN_OBJC_ROOT_CLASS = YES_ERROR;
				CLANG_WARN_UNREACHABLE_CODE = YES;
				CLANG_WARN__DUPLICATE_METHOD_MATCH = YES;
				"CODE_SIGN_IDENTITY[sdk=iphoneos*]" = "iPhone Developer";
				COPY_PHASE_STRIP = YES;
				ENABLE_NS_ASSERTIONS = NO;
				ENABLE_STRICT_OBJC_MSGSEND = YES;
				GCC_C_LANGUAGE_STANDARD = gnu99;
				GCC_WARN_64_TO_32_BIT_CONVERSION = YES;
				GCC_WARN_ABOUT_RETURN_TYPE = YES_ERROR;
				GCC_WARN_UNDECLARED_SELECTOR = YES;
				GCC_WARN_UNINITIALIZED_AUTOS = YES_AGGRESSIVE;
				GCC_WARN_UNUSED_FUNCTION = YES;
				GCC_WARN_UNUSED_VARIABLE = YES;
				IPHONEOS_DEPLOYMENT_TARGET = 8.1;
				MTL_ENABLE_DEBUG_INFO = NO;
				SDKROOT = iphoneos;
				VALIDATE_PRODUCT = YES;
			};
			name = Release;
		};
		BCA585171B7A0AB00029D760 /* Debug */ = {
			isa = XCBuildConfiguration;
			buildSettings = {
				ASSETCATALOG_COMPILER_APPICON_NAME = AppIcon;
				INFOPLIST_FILE = "图片轮播器/Info.plist";
				LD_RUNPATH_SEARCH_PATHS = "$(inherited) @executable_path/Frameworks";
				PRODUCT_NAME = "$(TARGET_NAME)";
			};
			name = Debug;
		};
		BCA585181B7A0AB00029D760 /* Release */ = {
			isa = XCBuildConfiguration;
			buildSettings = {
				ASSETCATALOG_COMPILER_APPICON_NAME = AppIcon;
				INFOPLIST_FILE = "图片轮播器/Info.plist";
				LD_RUNPATH_SEARCH_PATHS = "$(inherited) @executable_path/Frameworks";
				PRODUCT_NAME = "$(TARGET_NAME)";
			};
			name = Release;
		};
		BCA5851A1B7A0AB00029D760 /* Debug */ = {
			isa = XCBuildConfiguration;
			buildSettings = {
				BUNDLE_LOADER = "$(TEST_HOST)";
				FRAMEWORK_SEARCH_PATHS = (
					"$(SDKROOT)/Developer/Library/Frameworks",
					"$(inherited)",
				);
				GCC_PREPROCESSOR_DEFINITIONS = (
					"DEBUG=1",
					"$(inherited)",
				);
				INFOPLIST_FILE = "图片轮播器Tests/Info.plist";
				LD_RUNPATH_SEARCH_PATHS = "$(inherited) @executable_path/Frameworks @loader_path/Frameworks";
				PRODUCT_NAME = "$(TARGET_NAME)";
				TEST_HOST = "$(BUILT_PRODUCTS_DIR)/图片轮播器.app/图片轮播器";
			};
			name = Debug;
		};
		BCA5851B1B7A0AB00029D760 /* Release */ = {
			isa = XCBuildConfiguration;
			buildSettings = {
				BUNDLE_LOADER = "$(TEST_HOST)";
				FRAMEWORK_SEARCH_PATHS = (
					"$(SDKROOT)/Developer/Library/Frameworks",
					"$(inherited)",
				);
				INFOPLIST_FILE = "图片轮播器Tests/Info.plist";
				LD_RUNPATH_SEARCH_PATHS = "$(inherited) @executable_path/Frameworks @loader_path/Frameworks";
				PRODUCT_NAME = "$(TARGET_NAME)";
				TEST_HOST = "$(BUILT_PRODUCTS_DIR)/图片轮播器.app/图片轮播器";
			};
			name = Release;
		};
/* End XCBuildConfiguration section */

/* Begin XCConfigurationList section */
		BCA584F41B7A0AAF0029D760 /* Build configuration list for PBXProject "图片轮播器" */ = {
			isa = XCConfigurationList;
			buildConfigurations = (
				BCA585141B7A0AB00029D760 /* Debug */,
				BCA585151B7A0AB00029D760 /* Release */,
			);
			defaultConfigurationIsVisible = 0;
			defaultConfigurationName = Release;
		};
		BCA585161B7A0AB00029D760 /* Build configuration list for PBXNativeTarget "图片轮播器" */ = {
			isa = XCConfigurationList;
			buildConfigurations = (
				BCA585171B7A0AB00029D760 /* Debug */,
				BCA585181B7A0AB00029D760 /* Release */,
			);
			defaultConfigurationIsVisible = 0;
		};
		BCA585191B7A0AB00029D760 /* Build configuration list for PBXNativeTarget "图片轮播器Tests" */ = {
			isa = XCConfigurationList;
			buildConfigurations = (
				BCA5851A1B7A0AB00029D760 /* Debug */,
				BCA5851B1B7A0AB00029D760 /* Release */,
			);
			defaultConfigurationIsVisible = 0;
		};
/* End XCConfigurationList section */
	};
	rootObject = BCA584F11B7A0AAF0029D760 /* Project object */;
}
